
Microsoft Visual Studio Solution File, Format Version 12.00
# Visual Studio 14
VisualStudioVersion = 14.0.25420.1
MinimumVisualStudioVersion = 10.0.40219.1
Project("{FAE04EC0-301F-11D3-BF4B-00C04F79EFBC}") = "GameServer", "GameServer\GameServer.csproj", "{40EBA104-01B9-4AF6-8443-25EB2B445011}"
EndProject
Project("{FAE04EC0-301F-11D3-BF4B-00C04F79EFBC}") = "GameClient", "GameClient\GameClient.csproj", "{6B138890-E036-4EEE-80C1-0477E02A4DA9}"
EndProject
Project("{FAE04EC0-301F-11D3-BF4B-00C04F79EFBC}") = "SearchAlgorithmsLib", "SearchAlgorithmsLib\SearchAlgorithmsLib.csproj", "{E8871F65-394B-4906-9BFF-C6FBBA8940A3}"
EndProject
Project("{FAE04EC0-301F-11D3-BF4B-00C04F79EFBC}") = "MazeMenu", "..\WpfApplication1\WpfApplication1\MazeMenu.csproj", "{EA24DC04-0E1F-40A9-8D20-46FB9AF6EFD4}"
EndProject
Global
	GlobalSection(SolutionConfigurationPlatforms) = preSolution
		Debug|Any CPU = Debug|Any CPU
		Release|Any CPU = Release|Any CPU
	EndGlobalSection
	GlobalSection(ProjectConfigurationPlatforms) = postSolution
		{40EBA104-01B9-4AF6-8443-25EB2B445011}.Debug|Any CPU.ActiveCfg = Debug|Any CPU
		{40EBA104-01B9-4AF6-8443-25EB2B445011}.Debug|Any CPU.Build.0 = Debug|Any CPU
		{40EBA104-01B9-4AF6-8443-25EB2B445011}.Release|Any CPU.ActiveCfg = Release|Any CPU
		{40EBA104-01B9-4AF6-8443-25EB2B445011}.Release|Any CPU.Build.0 = Release|Any CPU
		{6B138890-E036-4EEE-80C1-0477E02A4DA9}.Debug|Any CPU.ActiveCfg = Debug|Any CPU
		{6B138890-E036-4EEE-80C1-0477E02A4DA9}.Debug|Any CPU.Build.0 = Debug|Any CPU
		{6B138890-E036-4EEE-80C1-0477E02A4DA9}.Release|Any CPU.ActiveCfg = Release|Any CPU
		{6B138890-E036-4EEE-80C1-0477E02A4DA9}.Release|Any CPU.Build.0 = Release|Any CPU
		{E8871F65-394B-4906-9BFF-C6FBBA8940A3}.Debug|Any CPU.ActiveCfg = Debug|Any CPU
		{E8871F65-394B-4906-9BFF-C6FBBA8940A3}.Debug|Any CPU.Build.0 = Debug|Any CPU
		{E8871F65-394B-4906-9BFF-C6FBBA8940A3}.Release|Any CPU.ActiveCfg = Release|Any CPU
		{E8871F65-394B-4906-9BFF-C6FBBA8940A3}.Release|Any CPU.Build.0 = Release|Any CPU
		{EA24DC04-0E1F-40A9-8D20-46FB9AF6EFD4}.Debug|Any CPU.ActiveCfg = Debug|Any CPU
		{EA24DC04-0E1F-40A9-8D20-46FB9AF6EFD4}.Debug|Any CPU.Build.0 = Debug|Any CPU
		{EA24DC04-0E1F-40A9-8D20-46FB9AF6EFD4}.Release|Any CPU.ActiveCfg = Release|Any CPU
		{EA24DC04-0E1F-40A9-8D20-46FB9AF6EFD4}.Release|Any CPU.Build.0 = Release|Any CPU
	EndGlobalSection
	GlobalSection(SolutionProperties) = preSolution
		HideSolutionNode = FALSE
	EndGlobalSection
EndGlobal
